
Microsoft Visual Studio Solution File, Format Version 12.00
# Visual Studio Version 17
VisualStudioVersion = 17.3.32901.215
MinimumVisualStudioVersion = 10.0.40219.1
Project("{FAE04EC0-301F-11D3-BF4B-00C04F79EFBC}") = "COMP605 C2", "COMP605 C2\COMP605 C2.csproj", "{95D326BE-0924-4594-A0E3-409373535CDE}"
EndProject
Global
	GlobalSection(SolutionConfigurationPlatforms) = preSolution
		Debug|Any CPU = Debug|Any CPU
		Release|Any CPU = Release|Any CPU
	EndGlobalSection
	GlobalSection(ProjectConfigurationPlatforms) = postSolution
		{95D326BE-0924-4594-A0E3-409373535CDE}.Debug|Any CPU.ActiveCfg = Debug|Any CPU
		{95D326BE-0924-4594-A0E3-409373535CDE}.Debug|Any CPU.Build.0 = Debug|Any CPU
		{95D326BE-0924-4594-A0E3-409373535CDE}.Release|Any CPU.ActiveCfg = Release|Any CPU
		{95D326BE-0924-4594-A0E3-409373535CDE}.Release|Any CPU.Build.0 = Release|Any CPU
	EndGlobalSection
	GlobalSection(SolutionProperties) = preSolution
		HideSolutionNode = FALSE
	EndGlobalSection
	GlobalSection(ExtensibilityGlobals) = postSolution
		SolutionGuid = {C3FB43C6-6EA1-4CC9-8C9D-D8D94A5C8E09}
	EndGlobalSection
EndGlobal
